
Microsoft Visual Studio Solution File, Format Version 12.00
# Visual Studio Version 17
VisualStudioVersion = 17.5.002.0
MinimumVisualStudioVersion = 10.0.40219.1
Project("{2150E333-8FDC-42A3-9474-1A3956D46DE8}") = "sandbox", "sandbox", "{E5C7FDD4-7899-4874-9F55-8CED6AAAA176}"
EndProject
Project("{9A19103F-16F7-4668-BE54-9A1E7A4F7556}") = "sandbox_project", "sandbox\sandbox_project\sandbox_project.csproj", "{141D10AD-E541-4D7F-B255-ADD2B5551D57}"
EndProject
Project("{2150E333-8FDC-42A3-9474-1A3956D46DE8}") = "week01", "week01", "{6A26B641-CA22-4907-9001-51F18F289DB0}"
EndProject
Project("{9A19103F-16F7-4668-BE54-9A1E7A4F7556}") = "analyze", "week01\analyze\analyze.csproj", "{64A5ABD5-1FA8-4D73-8E79-2ECE5417A711}"
EndProject
Project("{9A19103F-16F7-4668-BE54-9A1E7A4F7556}") = "code", "week01\code\code.csproj", "{030D32E5-B6AD-403B-87B4-03505532D450}"
EndProject
Project("{9A19103F-16F7-4668-BE54-9A1E7A4F7556}") = "teach", "week01\teach\teach.csproj", "{C1F2D6E1-A284-4567-8129-7F767E9359F6}"
EndProject
Project("{2150E333-8FDC-42A3-9474-1A3956D46DE8}") = "week02", "week02", "{ABE47710-1E75-41D5-A052-C1F26FD5AD68}"
EndProject
Project("{9A19103F-16F7-4668-BE54-9A1E7A4F7556}") = "analyze", "week02\analyze\analyze.csproj", "{8FF581DB-F1C2-4564-BCAF-810B6121EC43}"
EndProject
Project("{9A19103F-16F7-4668-BE54-9A1E7A4F7556}") = "code", "week02\code\code.csproj", "{D758D000-896E-42C0-88A5-4E14C8FD7D32}"
EndProject
Project("{9A19103F-16F7-4668-BE54-9A1E7A4F7556}") = "learn", "week02\learn\learn.csproj", "{FE5B1CB7-879E-455E-BDEE-E5CF8211387C}"
EndProject
Project("{9A19103F-16F7-4668-BE54-9A1E7A4F7556}") = "teach", "week02\teach\teach.csproj", "{A947749B-F2ED-4BDF-88B5-C3E7AA7120A4}"
EndProject
Project("{2150E333-8FDC-42A3-9474-1A3956D46DE8}") = "week03", "week03", "{C8CFDA77-2CD4-4BE4-8AE6-9430C1482255}"
EndProject
Project("{9A19103F-16F7-4668-BE54-9A1E7A4F7556}") = "code", "week03\code\code.csproj", "{8B36B24C-4C2C-4A41-A0F3-923876020FE0}"
EndProject
Project("{9A19103F-16F7-4668-BE54-9A1E7A4F7556}") = "learn", "week03\learn\learn.csproj", "{68011587-9EA4-4E7A-8717-D6A9604B03C9}"
EndProject
Project("{9A19103F-16F7-4668-BE54-9A1E7A4F7556}") = "teach", "week03\teach\teach.csproj", "{456E144E-85D0-45AA-9362-90BB67B3649B}"
EndProject
Project("{2150E333-8FDC-42A3-9474-1A3956D46DE8}") = "week04", "week04", "{57766042-2F6D-44A3-BEB5-8B6617C5EB25}"
EndProject
Project("{9A19103F-16F7-4668-BE54-9A1E7A4F7556}") = "code", "week04\code\code.csproj", "{DC5B254E-D1BA-4F5E-A985-064029187A46}"
EndProject
Project("{2150E333-8FDC-42A3-9474-1A3956D46DE8}") = "week05", "week05", "{857738B3-1F74-4642-A555-4BEE5447B4B6}"
EndProject
Project("{9A19103F-16F7-4668-BE54-9A1E7A4F7556}") = "code", "week05\code\code.csproj", "{2ADAA932-20CF-45D9-B879-4FE379F57C55}"
EndProject
Project("{2150E333-8FDC-42A3-9474-1A3956D46DE8}") = "week06", "week06", "{15331D25-559B-4FEF-A8B5-0DD52D104031}"
EndProject
Project("{9A19103F-16F7-4668-BE54-9A1E7A4F7556}") = "code", "week06\code\code.csproj", "{8F393DF8-732F-4FB2-BC94-008839122B88}"
EndProject
Global
	GlobalSection(SolutionConfigurationPlatforms) = preSolution
		Debug|Any CPU = Debug|Any CPU
		Release|Any CPU = Release|Any CPU
	EndGlobalSection
	GlobalSection(ProjectConfigurationPlatforms) = postSolution
		{141D10AD-E541-4D7F-B255-ADD2B5551D57}.Debug|Any CPU.ActiveCfg = Debug|Any CPU
		{141D10AD-E541-4D7F-B255-ADD2B5551D57}.Debug|Any CPU.Build.0 = Debug|Any CPU
		{141D10AD-E541-4D7F-B255-ADD2B5551D57}.Release|Any CPU.ActiveCfg = Release|Any CPU
		{141D10AD-E541-4D7F-B255-ADD2B5551D57}.Release|Any CPU.Build.0 = Release|Any CPU
		{64A5ABD5-1FA8-4D73-8E79-2ECE5417A711}.Debug|Any CPU.ActiveCfg = Debug|Any CPU
		{64A5ABD5-1FA8-4D73-8E79-2ECE5417A711}.Debug|Any CPU.Build.0 = Debug|Any CPU
		{64A5ABD5-1FA8-4D73-8E79-2ECE5417A711}.Release|Any CPU.ActiveCfg = Release|Any CPU
		{64A5ABD5-1FA8-4D73-8E79-2ECE5417A711}.Release|Any CPU.Build.0 = Release|Any CPU
		{030D32E5-B6AD-403B-87B4-03505532D450}.Debug|Any CPU.ActiveCfg = Debug|Any CPU
		{030D32E5-B6AD-403B-87B4-03505532D450}.Debug|Any CPU.Build.0 = Debug|Any CPU
		{030D32E5-B6AD-403B-87B4-03505532D450}.Release|Any CPU.ActiveCfg = Release|Any CPU
		{030D32E5-B6AD-403B-87B4-03505532D450}.Release|Any CPU.Build.0 = Release|Any CPU
		{C1F2D6E1-A284-4567-8129-7F767E9359F6}.Debug|Any CPU.ActiveCfg = Debug|Any CPU
		{C1F2D6E1-A284-4567-8129-7F767E9359F6}.Debug|Any CPU.Build.0 = Debug|Any CPU
		{C1F2D6E1-A284-4567-8129-7F767E9359F6}.Release|Any CPU.ActiveCfg = Release|Any CPU
		{C1F2D6E1-A284-4567-8129-7F767E9359F6}.Release|Any CPU.Build.0 = Release|Any CPU
		{8FF581DB-F1C2-4564-BCAF-810B6121EC43}.Debug|Any CPU.ActiveCfg = Debug|Any CPU
		{8FF581DB-F1C2-4564-BCAF-810B6121EC43}.Debug|Any CPU.Build.0 = Debug|Any CPU
		{8FF581DB-F1C2-4564-BCAF-810B6121EC43}.Release|Any CPU.ActiveCfg = Release|Any CPU
		{8FF581DB-F1C2-4564-BCAF-810B6121EC43}.Release|Any CPU.Build.0 = Release|Any CPU
		{D758D000-896E-42C0-88A5-4E14C8FD7D32}.Debug|Any CPU.ActiveCfg = Debug|Any CPU
		{D758D000-896E-42C0-88A5-4E14C8FD7D32}.Debug|Any CPU.Build.0 = Debug|Any CPU
		{D758D000-896E-42C0-88A5-4E14C8FD7D32}.Release|Any CPU.ActiveCfg = Release|Any CPU
		{D758D000-896E-42C0-88A5-4E14C8FD7D32}.Release|Any CPU.Build.0 = Release|Any CPU
		{FE5B1CB7-879E-455E-BDEE-E5CF8211387C}.Debug|Any CPU.ActiveCfg = Debug|Any CPU
		{FE5B1CB7-879E-455E-BDEE-E5CF8211387C}.Debug|Any CPU.Build.0 = Debug|Any CPU
		{FE5B1CB7-879E-455E-BDEE-E5CF8211387C}.Release|Any CPU.ActiveCfg = Release|Any CPU
		{FE5B1CB7-879E-455E-BDEE-E5CF8211387C}.Release|Any CPU.Build.0 = Release|Any CPU
		{A947749B-F2ED-4BDF-88B5-C3E7AA7120A4}.Debug|Any CPU.ActiveCfg = Debug|Any CPU
		{A947749B-F2ED-4BDF-88B5-C3E7AA7120A4}.Debug|Any CPU.Build.0 = Debug|Any CPU
		{A947749B-F2ED-4BDF-88B5-C3E7AA7120A4}.Release|Any CPU.ActiveCfg = Release|Any CPU
		{A947749B-F2ED-4BDF-88B5-C3E7AA7120A4}.Release|Any CPU.Build.0 = Release|Any CPU
		{8B36B24C-4C2C-4A41-A0F3-923876020FE0}.Debug|Any CPU.ActiveCfg = Debug|Any CPU
		{8B36B24C-4C2C-4A41-A0F3-923876020FE0}.Debug|Any CPU.Build.0 = Debug|Any CPU
		{8B36B24C-4C2C-4A41-A0F3-923876020FE0}.Release|Any CPU.ActiveCfg = Release|Any CPU
		{8B36B24C-4C2C-4A41-A0F3-923876020FE0}.Release|Any CPU.Build.0 = Release|Any CPU
		{68011587-9EA4-4E7A-8717-D6A9604B03C9}.Debug|Any CPU.ActiveCfg = Debug|Any CPU
		{68011587-9EA4-4E7A-8717-D6A9604B03C9}.Debug|Any CPU.Build.0 = Debug|Any CPU
		{68011587-9EA4-4E7A-8717-D6A9604B03C9}.Release|Any CPU.ActiveCfg = Release|Any CPU
		{68011587-9EA4-4E7A-8717-D6A9604B03C9}.Release|Any CPU.Build.0 = Release|Any CPU
		{456E144E-85D0-45AA-9362-90BB67B3649B}.Debug|Any CPU.ActiveCfg = Debug|Any CPU
		{456E144E-85D0-45AA-9362-90BB67B3649B}.Debug|Any CPU.Build.0 = Debug|Any CPU
		{456E144E-85D0-45AA-9362-90BB67B3649B}.Release|Any CPU.ActiveCfg = Release|Any CPU
		{456E144E-85D0-45AA-9362-90BB67B3649B}.Release|Any CPU.Build.0 = Release|Any CPU
		{DC5B254E-D1BA-4F5E-A985-064029187A46}.Debug|Any CPU.ActiveCfg = Debug|Any CPU
		{DC5B254E-D1BA-4F5E-A985-064029187A46}.Debug|Any CPU.Build.0 = Debug|Any CPU
		{DC5B254E-D1BA-4F5E-A985-064029187A46}.Release|Any CPU.ActiveCfg = Release|Any CPU
		{DC5B254E-D1BA-4F5E-A985-064029187A46}.Release|Any CPU.Build.0 = Release|Any CPU
		{2ADAA932-20CF-45D9-B879-4FE379F57C55}.Debug|Any CPU.ActiveCfg = Debug|Any CPU
		{2ADAA932-20CF-45D9-B879-4FE379F57C55}.Debug|Any CPU.Build.0 = Debug|Any CPU
		{2ADAA932-20CF-45D9-B879-4FE379F57C55}.Release|Any CPU.ActiveCfg = Release|Any CPU
		{2ADAA932-20CF-45D9-B879-4FE379F57C55}.Release|Any CPU.Build.0 = Release|Any CPU
		{8F393DF8-732F-4FB2-BC94-008839122B88}.Debug|Any CPU.ActiveCfg = Debug|Any CPU
		{8F393DF8-732F-4FB2-BC94-008839122B88}.Debug|Any CPU.Build.0 = Debug|Any CPU
		{8F393DF8-732F-4FB2-BC94-008839122B88}.Release|Any CPU.ActiveCfg = Release|Any CPU
		{8F393DF8-732F-4FB2-BC94-008839122B88}.Release|Any CPU.Build.0 = Release|Any CPU
	EndGlobalSection
	GlobalSection(SolutionProperties) = preSolution
		HideSolutionNode = FALSE
	EndGlobalSection
	GlobalSection(NestedProjects) = preSolution
		{141D10AD-E541-4D7F-B255-ADD2B5551D57} = {E5C7FDD4-7899-4874-9F55-8CED6AAAA176}
		{64A5ABD5-1FA8-4D73-8E79-2ECE5417A711} = {6A26B641-CA22-4907-9001-51F18F289DB0}
		{030D32E5-B6AD-403B-87B4-03505532D450} = {6A26B641-CA22-4907-9001-51F18F289DB0}
		{C1F2D6E1-A284-4567-8129-7F767E9359F6} = {6A26B641-CA22-4907-9001-51F18F289DB0}
		{8FF581DB-F1C2-4564-BCAF-810B6121EC43} = {ABE47710-1E75-41D5-A052-C1F26FD5AD68}
		{D758D000-896E-42C0-88A5-4E14C8FD7D32} = {ABE47710-1E75-41D5-A052-C1F26FD5AD68}
		{FE5B1CB7-879E-455E-BDEE-E5CF8211387C} = {ABE47710-1E75-41D5-A052-C1F26FD5AD68}
		{A947749B-F2ED-4BDF-88B5-C3E7AA7120A4} = {ABE47710-1E75-41D5-A052-C1F26FD5AD68}
		{8B36B24C-4C2C-4A41-A0F3-923876020FE0} = {C8CFDA77-2CD4-4BE4-8AE6-9430C1482255}
		{68011587-9EA4-4E7A-8717-D6A9604B03C9} = {C8CFDA77-2CD4-4BE4-8AE6-9430C1482255}
		{456E144E-85D0-45AA-9362-90BB67B3649B} = {C8CFDA77-2CD4-4BE4-8AE6-9430C1482255}
		{DC5B254E-D1BA-4F5E-A985-064029187A46} = {57766042-2F6D-44A3-BEB5-8B6617C5EB25}
		{2ADAA932-20CF-45D9-B879-4FE379F57C55} = {857738B3-1F74-4642-A555-4BEE5447B4B6}
		{8F393DF8-732F-4FB2-BC94-008839122B88} = {15331D25-559B-4FEF-A8B5-0DD52D104031}
	EndGlobalSection
	GlobalSection(ExtensibilityGlobals) = postSolution
		SolutionGuid = {06EF5856-FB16-42EA-AE35-1766C9AB7959}
	EndGlobalSection
EndGlobal
